{
    "name": "browsing-skill",
    "version": "0.1.0",
    "lockfileVersion": 3,
    "requires": true,
    "packages": {
        "": {
            "name": "browsing-skill",
            "version": "0.1.0",
            "dependencies": {
                "playwright-core": "^1.58.0",
                "turndown": "^7.2.2"
            },
            "devDependencies": {
                "@types/node": "^20.12.0",
                "@types/turndown": "^5.0.6",
                "typescript": "^5.4.0"
            }
        },
        "node_modules/@mixmark-io/domino": {
            "version": "2.2.0",
            "resolved": "https://registry.npmjs.org/@mixmark-io/domino/-/domino-2.2.0.tgz",
            "integrity": "sha512-Y28PR25bHXUg88kCV7nivXrP2Nj2RueZ3/l/jdx6J9f8J4nsEGcgX0Qe6lt7Pa+J79+kPiJU3LguR6O/6zrLOw==",
            "license": "BSD-2-Clause"
        },
        "node_modules/@types/node": {
            "version": "20.19.30",
            "resolved": "https://registry.npmjs.org/@types/node/-/node-20.19.30.tgz",
            "integrity": "sha512-WJtwWJu7UdlvzEAUm484QNg5eAoq5QR08KDNx7g45Usrs2NtOPiX8ugDqmKdXkyL03rBqU5dYNYVQetEpBHq2g==",
            "dev": true,
            "license": "MIT",
            "dependencies": {
                "undici-types": "~6.21.0"
            }
        },
        "node_modules/@types/turndown": {
            "version": "5.0.6",
            "resolved": "https://registry.npmjs.org/@types/turndown/-/turndown-5.0.6.tgz",
            "integrity": "sha512-ru00MoyeeouE5BX4gRL+6m/BsDfbRayOskWqUvh7CLGW+UXxHQItqALa38kKnOiZPqJrtzJUgAC2+F0rL1S4Pg==",
            "dev": true,
            "license": "MIT"
        },
        "node_modules/playwright-core": {
            "version": "1.58.0",
            "resolved": "https://registry.npmjs.org/playwright-core/-/playwright-core-1.58.0.tgz",
            "integrity": "sha512-aaoB1RWrdNi3//rOeKuMiS65UCcgOVljU46At6eFcOFPFHWtd2weHRRow6z/n+Lec0Lvu0k9ZPKJSjPugikirw==",
            "license": "Apache-2.0",
            "bin": {
                "playwright-core": "cli.js"
            },
            "engines": {
                "node": ">=18"
            }
        },
        "node_modules/turndown": {
            "version": "7.2.2",
            "resolved": "https://registry.npmjs.org/turndown/-/turndown-7.2.2.tgz",
            "integrity": "sha512-1F7db8BiExOKxjSMU2b7if62D/XOyQyZbPKq/nUwopfgnHlqXHqQ0lvfUTeUIr1lZJzOPFn43dODyMSIfvWRKQ==",
            "license": "MIT",
            "dependencies": {
                "@mixmark-io/domino": "^2.2.0"
            }
        },
        "node_modules/typescript": {
            "version": "5.9.3",
            "resolved": "https://registry.npmjs.org/typescript/-/typescript-5.9.3.tgz",
            "integrity": "sha512-jl1vZzPDinLr9eUt3J/t7V6FgNEw9QjvBPdysz9KfQDD41fQrC2Y4vKQdiaUpFT4bXlb1RHhLpp8wtm6M5TgSw==",
            "dev": true,
            "license": "Apache-2.0",
            "bin": {
                "tsc": "bin/tsc",
                "tsserver": "bin/tsserver"
            },
            "engines": {
                "node": ">=14.17"
            }
        },
        "node_modules/undici-types": {
            "version": "6.21.0",
            "resolved": "https://registry.npmjs.org/undici-types/-/undici-types-6.21.0.tgz",
            "integrity": "sha512-iwDZqg0QAGrg9Rav5H4n0M64c3mkR59cJ6wQp+7C4nI0gsmExaedaYLNO44eT4AtBBwjbTiGPMlt2Md0T9H9JQ==",
            "dev": true,
            "license": "MIT"
        }
    }
}
